// !$*UTF8*$!
{
	archiveVersion = 1;
	classes = {
	};
	objectVersion = 46;
	objects = {

/* Begin PBXBuildFile section */
		6324D4A71E459A4200DBA759 /* AppDelegate.swift in Sources */ = {isa = PBXBuildFile; fileRef = 6324D4A61E459A4200DBA759 /* AppDelegate.swift */; };
		6324D4A91E459A4200DBA759 /* ViewController.swift in Sources */ = {isa = PBXBuildFile; fileRef = 6324D4A81E459A4200DBA759 /* ViewController.swift */; };
		6324D4AC1E459A4200DBA759 /* Main.storyboard in Resources */ = {isa = PBXBuildFile; fileRef = 6324D4AA1E459A4200DBA759 /* Main.storyboard */; };
		6324D4AE1E459A4200DBA759 /* Assets.xcassets in Resources */ = {isa = PBXBuildFile; fileRef = 6324D4AD1E459A4200DBA759 /* Assets.xcassets */; };
		6324D4B11E459A4200DBA759 /* LaunchScreen.storyboard in Resources */ = {isa = PBXBuildFile; fileRef = 6324D4AF1E459A4200DBA759 /* LaunchScreen.storyboard */; };
		6335EF831E4C8FA4006C96FC /* libsqlite3.tbd in Frameworks */ = {isa = PBXBuildFile; fileRef = 6335EF821E4C8FA4006C96FC /* libsqlite3.tbd */; };
		6335EF851E4C9030006C96FC /* PedestrainTrackingDatabase.sqlite in Resources */ = {isa = PBXBuildFile; fileRef = 6335EF841E4C9030006C96FC /* PedestrainTrackingDatabase.sqlite */; };
/* End PBXBuildFile section */

/* Begin PBXFileReference section */
		6324D4A31E459A4200DBA759 /* motion.app */ = {isa = PBXFileReference; explicitFileType = wrapper.application; includeInIndex = 0; path = motion.app; sourceTree = BUILT_PRODUCTS_DIR; };
		6324D4A61E459A4200DBA759 /* AppDelegate.swift */ = {isa = PBXFileReference; lastKnownFileType = sourcecode.swift; path = AppDelegate.swift; sourceTree = "<group>"; };
		6324D4A81E459A4200DBA759 /* ViewController.swift */ = {isa = PBXFileReference; lastKnownFileType = sourcecode.swift; path = ViewController.swift; sourceTree = "<group>"; };
		6324D4AB1E459A4200DBA759 /* Base */ = {isa = PBXFileReference; lastKnownFileType = file.storyboard; name = Base; path = Base.lproj/Main.storyboard; sourceTree = "<group>"; };
		6324D4AD1E459A4200DBA759 /* Assets.xcassets */ = {isa = PBXFileReference; lastKnownFileType = folder.assetcatalog; path = Assets.xcassets; sourceTree = "<group>"; };
		6324D4B01E459A4200DBA759 /* Base */ = {isa = PBXFileReference; lastKnownFileType = file.storyboard; name = Base; path = Base.lproj/LaunchScreen.storyboard; sourceTree = "<group>"; };
		6324D4B21E459A4200DBA759 /* Info.plist */ = {isa = PBXFileReference; lastKnownFileType = text.plist.xml; path = Info.plist; sourceTree = "<group>"; };
		6335EF821E4C8FA4006C96FC /* libsqlite3.tbd */ = {isa = PBXFileReference; lastKnownFileType = "sourcecode.text-based-dylib-definition"; name = libsqlite3.tbd; path = usr/lib/libsqlite3.tbd; sourceTree = SDKROOT; };
		6335EF841E4C9030006C96FC /* PedestrainTrackingDatabase.sqlite */ = {isa = PBXFileReference; lastKnownFileType = file; path = PedestrainTrackingDatabase.sqlite; sourceTree = "<group>"; };
		6335EF861E4C90BB006C96FC /* Header.h */ = {isa = PBXFileReference; lastKnownFileType = sourcecode.c.h; path = Header.h; sourceTree = "<group>"; };
/* End PBXFileReference section */

/* Begin PBXFrameworksBuildPhase section */
		6324D4A01E459A4200DBA759 /* Frameworks */ = {
			isa = PBXFrameworksBuildPhase;
			buildActionMask = 2147483647;
			files = (
				6335EF831E4C8FA4006C96FC /* libsqlite3.tbd in Frameworks */,
			);
			runOnlyForDeploymentPostprocessing = 0;
		};
/* End PBXFrameworksBuildPhase section */

/* Begin PBXGroup section */
		6324D49A1E459A4200DBA759 = {
			isa = PBXGroup;
			children = (
				6324D4A51E459A4200DBA759 /* motion */,
				6324D4A41E459A4200DBA759 /* Products */,
				6335EF811E4C8FA4006C96FC /* Frameworks */,
			);
			sourceTree = "<group>";
		};
		6324D4A41E459A4200DBA759 /* Products */ = {
			isa = PBXGroup;
			children = (
				6324D4A31E459A4200DBA759 /* motion.app */,
			);
			name = Products;
			sourceTree = "<group>";
		};
		6324D4A51E459A4200DBA759 /* motion */ = {
			isa = PBXGroup;
			children = (
				6335EF861E4C90BB006C96FC /* Header.h */,
				6324D4A61E459A4200DBA759 /* AppDelegate.swift */,
				6324D4A81E459A4200DBA759 /* ViewController.swift */,
				6324D4AA1E459A4200DBA759 /* Main.storyboard */,
				6324D4AD1E459A4200DBA759 /* Assets.xcassets */,
				6324D4AF1E459A4200DBA759 /* LaunchScreen.storyboard */,
				6324D4B21E459A4200DBA759 /* Info.plist */,
				6335EF841E4C9030006C96FC /* PedestrainTrackingDatabase.sqlite */,
			);
			path = motion;
			sourceTree = "<group>";
		};
		6335EF811E4C8FA4006C96FC /* Frameworks */ = {
			isa = PBXGroup;
			children = (
				6335EF821E4C8FA4006C96FC /* libsqlite3.tbd */,
			);
			name = Frameworks;
			sourceTree = "<group>";
		};
/* End PBXGroup section */

/* Begin PBXNativeTarget section */
		6324D4A21E459A4200DBA759 /* motion */ = {
			isa = PBXNativeTarget;
			buildConfigurationList = 6324D4B51E459A4200DBA759 /* Build configuration list for PBXNativeTarget "motion" */;
			buildPhases = (
				6324D49F1E459A4200DBA759 /* Sources */,
				6324D4A01E459A4200DBA759 /* Frameworks */,
				6324D4A11E459A4200DBA759 /* Resources */,
			);
			buildRules = (
			);
			dependencies = (
			);
			name = motion;
			productName = motion;
			productReference = 6324D4A31E459A4200DBA759 /* motion.app */;
			productType = "com.apple.product-type.application";
		};
/* End PBXNativeTarget section */

/* Begin PBXProject section */
		6324D49B1E459A4200DBA759 /* Project object */ = {
			isa = PBXProject;
			attributes = {
				LastSwiftUpdateCheck = 0730;
				LastUpgradeCheck = 0730;
				ORGANIZATIONNAME = DavidAppCoda;
				TargetAttributes = {
					6324D4A21E459A4200DBA759 = {
						CreatedOnToolsVersion = 7.3;
						DevelopmentTeam = 4G6Q4D4L42;
						LastSwiftMigration = 0820;
					};
				};
			};
			buildConfigurationList = 6324D49E1E459A4200DBA759 /* Build configuration list for PBXProject "motion" */;
			compatibilityVersion = "Xcode 3.2";
			developmentRegion = English;
			hasScannedForEncodings = 0;
			knownRegions = (
				en,
				Base,
			);
			mainGroup = 6324D49A1E459A4200DBA759;
			productRefGroup = 6324D4A41E459A4200DBA759 /* Products */;
			projectDirPath = "";
			projectRoot = "";
			targets = (
				6324D4A21E459A4200DBA759 /* motion */,
			);
		};
/* End PBXProject section */

/* Begin PBXResourcesBuildPhase section */
		6324D4A11E459A4200DBA759 /* Resources */ = {
			isa = PBXResourcesBuildPhase;
			buildActionMask = 2147483647;
			files = (
				6335EF851E4C9030006C96FC /* PedestrainTrackingDatabase.sqlite in Resources */,
				6324D4B11E459A4200DBA759 /* LaunchScreen.storyboard in Resources */,
				6324D4AE1E459A4200DBA759 /* Assets.xcassets in Resources */,
				6324D4AC1E459A4200DBA759 /* Main.storyboard in Resources */,
			);
			runOnlyForDeploymentPostprocessing = 0;
		};
/* End PBXResourcesBuildPhase section */

/* Begin PBXSourcesBuildPhase section */
		6324D49F1E459A4200DBA759 /* Sources */ = {
			isa = PBXSourcesBuildPhase;
			buildActionMask = 2147483647;
			files = (
				6324D4A91E459A4200DBA759 /* ViewController.swift in Sources */,
				6324D4A71E459A4200DBA759 /* AppDelegate.swift in Sources */,
			);
			runOnlyForDeploymentPostprocessing = 0;
		};
/* End PBXSourcesBuildPhase section */

/* Begin PBXVariantGroup section */
		6324D4AA1E459A4200DBA759 /* Main.storyboard */ = {
			isa = PBXVariantGroup;
			children = (
				6324D4AB1E459A4200DBA759 /* Base */,
			);
			name = Main.storyboard;
			sourceTree = "<group>";
		};
		6324D4AF1E459A4200DBA759 /* LaunchScreen.storyboard */ = {
			isa = PBXVariantGroup;
			children = (
				6324D4B01E459A4200DBA759 /* Base */,
			);
			name = LaunchScreen.storyboard;
			sourceTree = "<group>";
		};
/* End PBXVariantGroup section */

/* Begin XCBuildConfiguration section */
		6324D4B31E459A4200DBA759 /* Debug */ = {
			isa = XCBuildConfiguration;
			buildSettings = {
				ALWAYS_SEARCH_USER_PATHS = NO;
				CLANG_ANALYZER_NONNULL = YES;
				CLANG_CXX_LANGUAGE_STANDARD = "gnu++0x";
				CLANG_CXX_LIBRARY = "libc++";
				CLANG_ENABLE_MODULES = YES;
				CLANG_ENABLE_OBJC_ARC = YES;
				CLANG_WARN_BOOL_CONVERSION = YES;
				CLANG_WARN_CONSTANT_CONVERSION = YES;
				CLANG_WARN_DIRECT_OBJC_ISA_USAGE = YES_ERROR;
				CLANG_WARN_EMPTY_BODY = YES;
				CLANG_WARN_ENUM_CONVERSION = YES;
				CLANG_WARN_INT_CONVERSION = YES;
				CLANG_WARN_OBJC_ROOT_CLASS = YES_ERROR;
				CLANG_WARN_UNREACHABLE_CODE = YES;
				CLANG_WARN__DUPLICATE_METHOD_MATCH = YES;
				"CODE_SIGN_IDENTITY[sdk=iphoneos*]" = "iPhone Developer";
				COPY_PHASE_STRIP = NO;
				DEBUG_INFORMATION_FORMAT = dwarf;
				ENABLE_STRICT_OBJC_MSGSEND = YES;
				ENABLE_TESTABILITY = YES;
				GCC_C_LANGUAGE_STANDARD = gnu99;
				GCC_DYNAMIC_NO_PIC = NO;
				GCC_NO_COMMON_BLOCKS = YES;
				GCC_OPTIMIZATION_LEVEL = 0;
				GCC_PREPROCESSOR_DEFINITIONS = (
					"DEBUG=1",
					"$(inherited)",
				);
				GCC_WARN_64_TO_32_BIT_CONVERSION = YES;
				GCC_WARN_ABOUT_RETURN_TYPE = YES_ERROR;
				GCC_WARN_UNDECLARED_SELECTOR = YES;
				GCC_WARN_UNINITIALIZED_AUTOS = YES_AGGRESSIVE;
				GCC_WARN_UNUSED_FUNCTION = YES;
				GCC_WARN_UNUSED_VARIABLE = YES;
				IPHONEOS_DEPLOYMENT_TARGET = 9.3;
				MTL_ENABLE_DEBUG_INFO = YES;
				ONLY_ACTIVE_ARCH = YES;
				SDKROOT = iphoneos;
				SWIFT_OPTIMIZATION_LEVEL = "-Onone";
			};
			name = Debug;
		};
		6324D4B41E459A4200DBA759 /* Release */ = {
			isa = XCBuildConfiguration;
			buildSettings = {
				ALWAYS_SEARCH_USER_PATHS = NO;
				CLANG_ANALYZER_NONNULL = YES;
				CLANG_CXX_LANGUAGE_STANDARD = "gnu++0x";
				CLANG_CXX_LIBRARY = "libc++";
				CLANG_ENABLE_MODULES = YES;
				CLANG_ENABLE_OBJC_ARC = YES;
				CLANG_WARN_BOOL_CONVERSION = YES;
				CLANG_WARN_CONSTANT_CONVERSION = YES;
				CLANG_WARN_DIRECT_OBJC_ISA_USAGE = YES_ERROR;
				CLANG_WARN_EMPTY_BODY = YES;
				CLANG_WARN_ENUM_CONVERSION = YES;
				CLANG_WARN_INT_CONVERSION = YES;
				CLANG_WARN_OBJC_ROOT_CLASS = YES_ERROR;
				CLANG_WARN_UNREACHABLE_CODE = YES;
				CLANG_WARN__DUPLICATE_METHOD_MATCH = YES;
				"CODE_SIGN_IDENTITY[sdk=iphoneos*]" = "iPhone Developer";
				COPY_PHASE_STRIP = NO;
				DEBUG_INFORMATION_FORMAT = "dwarf-with-dsym";
				ENABLE_NS_ASSERTIONS = NO;
				ENABLE_STRICT_OBJC_MSGSEND = YES;
				GCC_C_LANGUAGE_STANDARD = gnu99;
				GCC_NO_COMMON_BLOCKS = YES;
				GCC_WARN_64_TO_32_BIT_CONVERSION = YES;
				GCC_WARN_ABOUT_RETURN_TYPE = YES_ERROR;
				GCC_WARN_UNDECLARED_SELECTOR = YES;
				GCC_WARN_UNINITIALIZED_AUTOS = YES_AGGRESSIVE;
				GCC_WARN_UNUSED_FUNCTION = YES;
				GCC_WARN_UNUSED_VARIABLE = YES;
				IPHONEOS_DEPLOYMENT_TARGET = 9.3;
				MTL_ENABLE_DEBUG_INFO = NO;
				SDKROOT = iphoneos;
				VALIDATE_PRODUCT = YES;
			};
			name = Release;
		};
		6324D4B61E459A4200DBA759 /* Debug */ = {
			isa = XCBuildConfiguration;
			buildSettings = {
				ASSETCATALOG_COMPILER_APPICON_NAME = AppIcon;
				DEVELOPMENT_TEAM = 4G6Q4D4L42;
				INFOPLIST_FILE = motion/Info.plist;
				LD_RUNPATH_SEARCH_PATHS = "$(inherited) @executable_path/Frameworks";
				PRODUCT_BUNDLE_IDENTIFIER = com.appcoda.motion;
				PRODUCT_NAME = "$(TARGET_NAME)";
				SWIFT_OBJC_BRIDGING_HEADER = motion/Header.h;
				SWIFT_VERSION = 3.0;
			};
			name = Debug;
		};
		6324D4B71E459A4200DBA759 /* Release */ = {
			isa = XCBuildConfiguration;
			buildSettings = {
				ASSETCATALOG_COMPILER_APPICON_NAME = AppIcon;
				DEVELOPMENT_TEAM = 4G6Q4D4L42;
				INFOPLIST_FILE = motion/Info.plist;
				LD_RUNPATH_SEARCH_PATHS = "$(inherited) @executable_path/Frameworks";
				PRODUCT_BUNDLE_IDENTIFIER = com.appcoda.motion;
				PRODUCT_NAME = "$(TARGET_NAME)";
				SWIFT_OBJC_BRIDGING_HEADER = motion/Header.h;
				SWIFT_VERSION = 3.0;
			};
			name = Release;
		};
/* End XCBuildConfiguration section */

/* Begin XCConfigurationList section */
		6324D49E1E459A4200DBA759 /* Build configuration list for PBXProject "motion" */ = {
			isa = XCConfigurationList;
			buildConfigurations = (
				6324D4B31E459A4200DBA759 /* Debug */,
				6324D4B41E459A4200DBA759 /* Release */,
			);
			defaultConfigurationIsVisible = 0;
			defaultConfigurationName = Release;
		};
		6324D4B51E459A4200DBA759 /* Build configuration list for PBXNativeTarget "motion" */ = {
			isa = XCConfigurationList;
			buildConfigurations = (
				6324D4B61E459A4200DBA759 /* Debug */,
				6324D4B71E459A4200DBA759 /* Release */,
			);
			defaultConfigurationIsVisible = 0;
			defaultConfigurationName = Release;
		};
/* End XCConfigurationList section */
	};
	rootObject = 6324D49B1E459A4200DBA759 /* Project object */;
}
